// !$*UTF8*$!
{
	archiveVersion = 1;
	classes = {
	};
	objectVersion = 56;
	objects = {

/* Begin PBXBuildFile section */
		3FB21A15F4585C9D804DD186 /* Post+Schema.swift in Sources */ = {isa = PBXBuildFile; fileRef = 7FDDDC42310CE0C83F791950 /* Post+Schema.swift */; };
		438B4F17DD453F76B5CAAED2 /* amplifyconfiguration.json in Resources */ = {isa = PBXBuildFile; fileRef = 1FD5AA7C0A86974FF08946E1 /* amplifyconfiguration.json */; };
		53C4D0F1A6F561F8B2BDAD20 /* PostStatus.swift in Sources */ = {isa = PBXBuildFile; fileRef = 0862F87C37EB1DB0F0DA648B /* PostStatus.swift */; };
		7D62987F0825049434B40C52 /* Todo+Schema.swift in Sources */ = {isa = PBXBuildFile; fileRef = 73056191EDD9845C7BF3362B /* Todo+Schema.swift */; };
		A4451032AF45D767CB29A727 /* Todo.swift in Sources */ = {isa = PBXBuildFile; fileRef = CEAC7A35D062E8924BE392E2 /* Todo.swift */; };
		BFC13CC253A2C5AEE0BF904F /* awsconfiguration.json in Resources */ = {isa = PBXBuildFile; fileRef = AEF6CF9FEEE5964A9191AA0F /* awsconfiguration.json */; };
		CA2121282ABE5C4100017883 /* DataStoreHelper.swift in Sources */ = {isa = PBXBuildFile; fileRef = CA2121272ABE5C4100017883 /* DataStoreHelper.swift */; };
		CA21212B2ABE8CD000017883 /* PostViewCell.swift in Sources */ = {isa = PBXBuildFile; fileRef = CA2121292ABE8CD000017883 /* PostViewCell.swift */; };
		CA21212C2ABE8CD000017883 /* PostViewCell.xib in Resources */ = {isa = PBXBuildFile; fileRef = CA21212A2ABE8CD000017883 /* PostViewCell.xib */; };
		CAC0B97D2AC24C2400091313 /* AddPostViewController.swift in Sources */ = {isa = PBXBuildFile; fileRef = CAC0B97C2AC24C2400091313 /* AddPostViewController.swift */; };
		CAD46DB72ABE5677001DCDBE /* AppDelegate.swift in Sources */ = {isa = PBXBuildFile; fileRef = CAD46DB62ABE5677001DCDBE /* AppDelegate.swift */; };
		CAD46DB92ABE5677001DCDBE /* SceneDelegate.swift in Sources */ = {isa = PBXBuildFile; fileRef = CAD46DB82ABE5677001DCDBE /* SceneDelegate.swift */; };
		CAD46DBB2ABE5677001DCDBE /* ViewController.swift in Sources */ = {isa = PBXBuildFile; fileRef = CAD46DBA2ABE5677001DCDBE /* ViewController.swift */; };
		CAD46DBE2ABE5677001DCDBE /* Main.storyboard in Resources */ = {isa = PBXBuildFile; fileRef = CAD46DBC2ABE5677001DCDBE /* Main.storyboard */; };
		CAD46DC02ABE5679001DCDBE /* Assets.xcassets in Resources */ = {isa = PBXBuildFile; fileRef = CAD46DBF2ABE5679001DCDBE /* Assets.xcassets */; };
		CAD46DC32ABE5679001DCDBE /* LaunchScreen.storyboard in Resources */ = {isa = PBXBuildFile; fileRef = CAD46DC12ABE5679001DCDBE /* LaunchScreen.storyboard */; };
		CAD46DCC2ABE56D7001DCDBE /* AWSDataStorePlugin in Frameworks */ = {isa = PBXBuildFile; productRef = CAD46DCB2ABE56D7001DCDBE /* AWSDataStorePlugin */; };
		CAD46DCE2ABE56D7001DCDBE /* Amplify in Frameworks */ = {isa = PBXBuildFile; productRef = CAD46DCD2ABE56D7001DCDBE /* Amplify */; };
		D5F646B08365C97DCEAF71E6 /* Post.swift in Sources */ = {isa = PBXBuildFile; fileRef = 0815235FAFF74D0019491A3F /* Post.swift */; };
		E8E66B3EE7074E83BB83FB7F /* AmplifyModels.swift in Sources */ = {isa = PBXBuildFile; fileRef = 138FB4E965BF524178B5581C /* AmplifyModels.swift */; };
/* End PBXBuildFile section */

/* Begin PBXFileReference section */
		0815235FAFF74D0019491A3F /* Post.swift */ = {isa = PBXFileReference; explicitFileType = sourcecode.swift; name = Post.swift; path = amplify/generated/models/Post.swift; sourceTree = "<group>"; };
		0862F87C37EB1DB0F0DA648B /* PostStatus.swift */ = {isa = PBXFileReference; explicitFileType = sourcecode.swift; name = PostStatus.swift; path = amplify/generated/models/PostStatus.swift; sourceTree = "<group>"; };
		138FB4E965BF524178B5581C /* AmplifyModels.swift */ = {isa = PBXFileReference; explicitFileType = sourcecode.swift; name = AmplifyModels.swift; path = amplify/generated/models/AmplifyModels.swift; sourceTree = "<group>"; };
		1FD5AA7C0A86974FF08946E1 /* amplifyconfiguration.json */ = {isa = PBXFileReference; explicitFileType = text.json; path = amplifyconfiguration.json; sourceTree = "<group>"; };
		73056191EDD9845C7BF3362B /* Todo+Schema.swift */ = {isa = PBXFileReference; explicitFileType = sourcecode.swift; name = "Todo+Schema.swift"; path = "amplify/generated/models/Todo+Schema.swift"; sourceTree = "<group>"; };
		7FDDDC42310CE0C83F791950 /* Post+Schema.swift */ = {isa = PBXFileReference; explicitFileType = sourcecode.swift; name = "Post+Schema.swift"; path = "amplify/generated/models/Post+Schema.swift"; sourceTree = "<group>"; };
		AEF6CF9FEEE5964A9191AA0F /* awsconfiguration.json */ = {isa = PBXFileReference; explicitFileType = text.json; path = awsconfiguration.json; sourceTree = "<group>"; };
		CA2121272ABE5C4100017883 /* DataStoreHelper.swift */ = {isa = PBXFileReference; lastKnownFileType = sourcecode.swift; path = DataStoreHelper.swift; sourceTree = "<group>"; };
		CA2121292ABE8CD000017883 /* PostViewCell.swift */ = {isa = PBXFileReference; lastKnownFileType = sourcecode.swift; path = PostViewCell.swift; sourceTree = "<group>"; };
		CA21212A2ABE8CD000017883 /* PostViewCell.xib */ = {isa = PBXFileReference; lastKnownFileType = file.xib; path = PostViewCell.xib; sourceTree = "<group>"; };
		CAC0B97C2AC24C2400091313 /* AddPostViewController.swift */ = {isa = PBXFileReference; lastKnownFileType = sourcecode.swift; path = AddPostViewController.swift; sourceTree = "<group>"; };
		CAD46DB32ABE5677001DCDBE /* AmplifyDatasttore.app */ = {isa = PBXFileReference; explicitFileType = wrapper.application; includeInIndex = 0; path = AmplifyDatasttore.app; sourceTree = BUILT_PRODUCTS_DIR; };
		CAD46DB62ABE5677001DCDBE /* AppDelegate.swift */ = {isa = PBXFileReference; lastKnownFileType = sourcecode.swift; path = AppDelegate.swift; sourceTree = "<group>"; };
		CAD46DB82ABE5677001DCDBE /* SceneDelegate.swift */ = {isa = PBXFileReference; lastKnownFileType = sourcecode.swift; path = SceneDelegate.swift; sourceTree = "<group>"; };
		CAD46DBA2ABE5677001DCDBE /* ViewController.swift */ = {isa = PBXFileReference; lastKnownFileType = sourcecode.swift; path = ViewController.swift; sourceTree = "<group>"; };
		CAD46DBD2ABE5677001DCDBE /* Base */ = {isa = PBXFileReference; lastKnownFileType = file.storyboard; name = Base; path = Base.lproj/Main.storyboard; sourceTree = "<group>"; };
		CAD46DBF2ABE5679001DCDBE /* Assets.xcassets */ = {isa = PBXFileReference; lastKnownFileType = folder.assetcatalog; path = Assets.xcassets; sourceTree = "<group>"; };
		CAD46DC22ABE5679001DCDBE /* Base */ = {isa = PBXFileReference; lastKnownFileType = file.storyboard; name = Base; path = Base.lproj/LaunchScreen.storyboard; sourceTree = "<group>"; };
		CAD46DC42ABE5679001DCDBE /* Info.plist */ = {isa = PBXFileReference; lastKnownFileType = text.plist.xml; path = Info.plist; sourceTree = "<group>"; };
		CEAC7A35D062E8924BE392E2 /* Todo.swift */ = {isa = PBXFileReference; explicitFileType = sourcecode.swift; name = Todo.swift; path = amplify/generated/models/Todo.swift; sourceTree = "<group>"; };
/* End PBXFileReference section */

/* Begin PBXFrameworksBuildPhase section */
		CAD46DB02ABE5677001DCDBE /* Frameworks */ = {
			isa = PBXFrameworksBuildPhase;
			buildActionMask = 2147483647;
			files = (
				CAD46DCC2ABE56D7001DCDBE /* AWSDataStorePlugin in Frameworks */,
				CAD46DCE2ABE56D7001DCDBE /* Amplify in Frameworks */,
			);
			runOnlyForDeploymentPostprocessing = 0;
		};
/* End PBXFrameworksBuildPhase section */

/* Begin PBXGroup section */
		338C78A89BD3CA1733E1590C /* AmplifyModels */ = {
			isa = PBXGroup;
			children = (
				138FB4E965BF524178B5581C /* AmplifyModels.swift */,
				7FDDDC42310CE0C83F791950 /* Post+Schema.swift */,
				0815235FAFF74D0019491A3F /* Post.swift */,
				0862F87C37EB1DB0F0DA648B /* PostStatus.swift */,
				73056191EDD9845C7BF3362B /* Todo+Schema.swift */,
				CEAC7A35D062E8924BE392E2 /* Todo.swift */,
			);
			name = AmplifyModels;
			sourceTree = "<group>";
		};
		7FF974FBD492AD57CBE62DAA /* AmplifyConfig */ = {
			isa = PBXGroup;
			children = (
				AEF6CF9FEEE5964A9191AA0F /* awsconfiguration.json */,
				1FD5AA7C0A86974FF08946E1 /* amplifyconfiguration.json */,
			);
			name = AmplifyConfig;
			sourceTree = "<group>";
		};
		CAD46DAA2ABE5677001DCDBE = {
			isa = PBXGroup;
			children = (
				CAD46DB52ABE5677001DCDBE /* AmplifyDatasttore */,
				CAD46DB42ABE5677001DCDBE /* Products */,
				7FF974FBD492AD57CBE62DAA /* AmplifyConfig */,
				338C78A89BD3CA1733E1590C /* AmplifyModels */,
			);
			sourceTree = "<group>";
		};
		CAD46DB42ABE5677001DCDBE /* Products */ = {
			isa = PBXGroup;
			children = (
				CAD46DB32ABE5677001DCDBE /* AmplifyDatasttore.app */,
			);
			name = Products;
			sourceTree = "<group>";
		};
		CAD46DB52ABE5677001DCDBE /* AmplifyDatasttore */ = {
			isa = PBXGroup;
			children = (
				CAD46DB62ABE5677001DCDBE /* AppDelegate.swift */,
				CAD46DB82ABE5677001DCDBE /* SceneDelegate.swift */,
				CAD46DBA2ABE5677001DCDBE /* ViewController.swift */,
				CAD46DBC2ABE5677001DCDBE /* Main.storyboard */,
				CAD46DBF2ABE5679001DCDBE /* Assets.xcassets */,
				CAD46DC12ABE5679001DCDBE /* LaunchScreen.storyboard */,
				CAD46DC42ABE5679001DCDBE /* Info.plist */,
				CA2121272ABE5C4100017883 /* DataStoreHelper.swift */,
				CA2121292ABE8CD000017883 /* PostViewCell.swift */,
				CA21212A2ABE8CD000017883 /* PostViewCell.xib */,
				CAC0B97C2AC24C2400091313 /* AddPostViewController.swift */,
			);
			path = AmplifyDatasttore;
			sourceTree = "<group>";
		};
/* End PBXGroup section */

/* Begin PBXNativeTarget section */
		CAD46DB22ABE5677001DCDBE /* AmplifyDatasttore */ = {
			isa = PBXNativeTarget;
			buildConfigurationList = CAD46DC72ABE5679001DCDBE /* Build configuration list for PBXNativeTarget "AmplifyDatasttore" */;
			buildPhases = (
				CAD46DAF2ABE5677001DCDBE /* Sources */,
				CAD46DB02ABE5677001DCDBE /* Frameworks */,
				CAD46DB12ABE5677001DCDBE /* Resources */,
			);
			buildRules = (
			);
			dependencies = (
			);
			name = AmplifyDatasttore;
			packageProductDependencies = (
				CAD46DCB2ABE56D7001DCDBE /* AWSDataStorePlugin */,
				CAD46DCD2ABE56D7001DCDBE /* Amplify */,
			);
			productName = AmplifyDatasttore;
			productReference = CAD46DB32ABE5677001DCDBE /* AmplifyDatasttore.app */;
			productType = "com.apple.product-type.application";
		};
/* End PBXNativeTarget section */

/* Begin PBXProject section */
		CAD46DAB2ABE5677001DCDBE /* Project object */ = {
			isa = PBXProject;
			attributes = {
				BuildIndependentTargetsInParallel = 1;
				LastSwiftUpdateCheck = 1430;
				LastUpgradeCheck = 1430;
				TargetAttributes = {
					CAD46DB22ABE5677001DCDBE = {
						CreatedOnToolsVersion = 14.3.1;
					};
				};
			};
			buildConfigurationList = CAD46DAE2ABE5677001DCDBE /* Build configuration list for PBXProject "AmplifyDatasttore" */;
			compatibilityVersion = "Xcode 14.0";
			developmentRegion = en;
			hasScannedForEncodings = 0;
			knownRegions = (
				en,
				Base,
			);
			mainGroup = CAD46DAA2ABE5677001DCDBE;
			packageReferences = (
				CAD46DCA2ABE56D7001DCDBE /* XCRemoteSwiftPackageReference "amplify-swift" */,
			);
			productRefGroup = CAD46DB42ABE5677001DCDBE /* Products */;
			projectDirPath = "";
			projectRoot = "";
			targets = (
				CAD46DB22ABE5677001DCDBE /* AmplifyDatasttore */,
			);
		};
/* End PBXProject section */

/* Begin PBXResourcesBuildPhase section */
		CAD46DB12ABE5677001DCDBE /* Resources */ = {
			isa = PBXResourcesBuildPhase;
			buildActionMask = 2147483647;
			files = (
				CA21212C2ABE8CD000017883 /* PostViewCell.xib in Resources */,
				CAD46DC32ABE5679001DCDBE /* LaunchScreen.storyboard in Resources */,
				CAD46DC02ABE5679001DCDBE /* Assets.xcassets in Resources */,
				CAD46DBE2ABE5677001DCDBE /* Main.storyboard in Resources */,
				BFC13CC253A2C5AEE0BF904F /* awsconfiguration.json in Resources */,
				438B4F17DD453F76B5CAAED2 /* amplifyconfiguration.json in Resources */,
			);
			runOnlyForDeploymentPostprocessing = 0;
		};
/* End PBXResourcesBuildPhase section */

/* Begin PBXSourcesBuildPhase section */
		CAD46DAF2ABE5677001DCDBE /* Sources */ = {
			isa = PBXSourcesBuildPhase;
			buildActionMask = 2147483647;
			files = (
				CAD46DBB2ABE5677001DCDBE /* ViewController.swift in Sources */,
				CAD46DB72ABE5677001DCDBE /* AppDelegate.swift in Sources */,
				CAD46DB92ABE5677001DCDBE /* SceneDelegate.swift in Sources */,
				CA21212B2ABE8CD000017883 /* PostViewCell.swift in Sources */,
				CAC0B97D2AC24C2400091313 /* AddPostViewController.swift in Sources */,
				E8E66B3EE7074E83BB83FB7F /* AmplifyModels.swift in Sources */,
				3FB21A15F4585C9D804DD186 /* Post+Schema.swift in Sources */,
				D5F646B08365C97DCEAF71E6 /* Post.swift in Sources */,
				53C4D0F1A6F561F8B2BDAD20 /* PostStatus.swift in Sources */,
				CA2121282ABE5C4100017883 /* DataStoreHelper.swift in Sources */,
				7D62987F0825049434B40C52 /* Todo+Schema.swift in Sources */,
				A4451032AF45D767CB29A727 /* Todo.swift in Sources */,
			);
			runOnlyForDeploymentPostprocessing = 0;
		};
/* End PBXSourcesBuildPhase section */

/* Begin PBXVariantGroup section */
		CAD46DBC2ABE5677001DCDBE /* Main.storyboard */ = {
			isa = PBXVariantGroup;
			children = (
				CAD46DBD2ABE5677001DCDBE /* Base */,
			);
			name = Main.storyboard;
			sourceTree = "<group>";
		};
		CAD46DC12ABE5679001DCDBE /* LaunchScreen.storyboard */ = {
			isa = PBXVariantGroup;
			children = (
				CAD46DC22ABE5679001DCDBE /* Base */,
			);
			name = LaunchScreen.storyboard;
			sourceTree = "<group>";
		};
/* End PBXVariantGroup section */

/* Begin XCBuildConfiguration section */
		CAD46DC52ABE5679001DCDBE /* Debug */ = {
			isa = XCBuildConfiguration;
			buildSettings = {
				ALWAYS_SEARCH_USER_PATHS = NO;
				CLANG_ANALYZER_NONNULL = YES;
				CLANG_ANALYZER_NUMBER_OBJECT_CONVERSION = YES_AGGRESSIVE;
				CLANG_CXX_LANGUAGE_STANDARD = "gnu++20";
				CLANG_ENABLE_MODULES = YES;
				CLANG_ENABLE_OBJC_ARC = YES;
				CLANG_ENABLE_OBJC_WEAK = YES;
				CLANG_WARN_BLOCK_CAPTURE_AUTORELEASING = YES;
				CLANG_WARN_BOOL_CONVERSION = YES;
				CLANG_WARN_COMMA = YES;
				CLANG_WARN_CONSTANT_CONVERSION = YES;
				CLANG_WARN_DEPRECATED_OBJC_IMPLEMENTATIONS = YES;
				CLANG_WARN_DIRECT_OBJC_ISA_USAGE = YES_ERROR;
				CLANG_WARN_DOCUMENTATION_COMMENTS = YES;
				CLANG_WARN_EMPTY_BODY = YES;
				CLANG_WARN_ENUM_CONVERSION = YES;
				CLANG_WARN_INFINITE_RECURSION = YES;
				CLANG_WARN_INT_CONVERSION = YES;
				CLANG_WARN_NON_LITERAL_NULL_CONVERSION = YES;
				CLANG_WARN_OBJC_IMPLICIT_RETAIN_SELF = YES;
				CLANG_WARN_OBJC_LITERAL_CONVERSION = YES;
				CLANG_WARN_OBJC_ROOT_CLASS = YES_ERROR;
				CLANG_WARN_QUOTED_INCLUDE_IN_FRAMEWORK_HEADER = YES;
				CLANG_WARN_RANGE_LOOP_ANALYSIS = YES;
				CLANG_WARN_STRICT_PROTOTYPES = YES;
				CLANG_WARN_SUSPICIOUS_MOVE = YES;
				CLANG_WARN_UNGUARDED_AVAILABILITY = YES_AGGRESSIVE;
				CLANG_WARN_UNREACHABLE_CODE = YES;
				CLANG_WARN__DUPLICATE_METHOD_MATCH = YES;
				COPY_PHASE_STRIP = NO;
				DEBUG_INFORMATION_FORMAT = dwarf;
				ENABLE_STRICT_OBJC_MSGSEND = YES;
				ENABLE_TESTABILITY = YES;
				GCC_C_LANGUAGE_STANDARD = gnu11;
				GCC_DYNAMIC_NO_PIC = NO;
				GCC_NO_COMMON_BLOCKS = YES;
				GCC_OPTIMIZATION_LEVEL = 0;
				GCC_PREPROCESSOR_DEFINITIONS = (
					"DEBUG=1",
					"$(inherited)",
				);
				GCC_WARN_64_TO_32_BIT_CONVERSION = YES;
				GCC_WARN_ABOUT_RETURN_TYPE = YES_ERROR;
				GCC_WARN_UNDECLARED_SELECTOR = YES;
				GCC_WARN_UNINITIALIZED_AUTOS = YES_AGGRESSIVE;
				GCC_WARN_UNUSED_FUNCTION = YES;
				GCC_WARN_UNUSED_VARIABLE = YES;
				IPHONEOS_DEPLOYMENT_TARGET = 16.4;
				MTL_ENABLE_DEBUG_INFO = INCLUDE_SOURCE;
				MTL_FAST_MATH = YES;
				ONLY_ACTIVE_ARCH = YES;
				SDKROOT = iphoneos;
				SWIFT_ACTIVE_COMPILATION_CONDITIONS = DEBUG;
				SWIFT_OPTIMIZATION_LEVEL = "-Onone";
			};
			name = Debug;
		};
		CAD46DC62ABE5679001DCDBE /* Release */ = {
			isa = XCBuildConfiguration;
			buildSettings = {
				ALWAYS_SEARCH_USER_PATHS = NO;
				CLANG_ANALYZER_NONNULL = YES;
				CLANG_ANALYZER_NUMBER_OBJECT_CONVERSION = YES_AGGRESSIVE;
				CLANG_CXX_LANGUAGE_STANDARD = "gnu++20";
				CLANG_ENABLE_MODULES = YES;
				CLANG_ENABLE_OBJC_ARC = YES;
				CLANG_ENABLE_OBJC_WEAK = YES;
				CLANG_WARN_BLOCK_CAPTURE_AUTORELEASING = YES;
				CLANG_WARN_BOOL_CONVERSION = YES;
				CLANG_WARN_COMMA = YES;
				CLANG_WARN_CONSTANT_CONVERSION = YES;
				CLANG_WARN_DEPRECATED_OBJC_IMPLEMENTATIONS = YES;
				CLANG_WARN_DIRECT_OBJC_ISA_USAGE = YES_ERROR;
				CLANG_WARN_DOCUMENTATION_COMMENTS = YES;
				CLANG_WARN_EMPTY_BODY = YES;
				CLANG_WARN_ENUM_CONVERSION = YES;
				CLANG_WARN_INFINITE_RECURSION = YES;
				CLANG_WARN_INT_CONVERSION = YES;
				CLANG_WARN_NON_LITERAL_NULL_CONVERSION = YES;
				CLANG_WARN_OBJC_IMPLICIT_RETAIN_SELF = YES;
				CLANG_WARN_OBJC_LITERAL_CONVERSION = YES;
				CLANG_WARN_OBJC_ROOT_CLASS = YES_ERROR;
				CLANG_WARN_QUOTED_INCLUDE_IN_FRAMEWORK_HEADER = YES;
				CLANG_WARN_RANGE_LOOP_ANALYSIS = YES;
				CLANG_WARN_STRICT_PROTOTYPES = YES;
				CLANG_WARN_SUSPICIOUS_MOVE = YES;
				CLANG_WARN_UNGUARDED_AVAILABILITY = YES_AGGRESSIVE;
				CLANG_WARN_UNREACHABLE_CODE = YES;
				CLANG_WARN__DUPLICATE_METHOD_MATCH = YES;
				COPY_PHASE_STRIP = NO;
				DEBUG_INFORMATION_FORMAT = "dwarf-with-dsym";
				ENABLE_NS_ASSERTIONS = NO;
				ENABLE_STRICT_OBJC_MSGSEND = YES;
				GCC_C_LANGUAGE_STANDARD = gnu11;
				GCC_NO_COMMON_BLOCKS = YES;
				GCC_WARN_64_TO_32_BIT_CONVERSION = YES;
				GCC_WARN_ABOUT_RETURN_TYPE = YES_ERROR;
				GCC_WARN_UNDECLARED_SELECTOR = YES;
				GCC_WARN_UNINITIALIZED_AUTOS = YES_AGGRESSIVE;
				GCC_WARN_UNUSED_FUNCTION = YES;
				GCC_WARN_UNUSED_VARIABLE = YES;
				IPHONEOS_DEPLOYMENT_TARGET = 16.4;
				MTL_ENABLE_DEBUG_INFO = NO;
				MTL_FAST_MATH = YES;
				SDKROOT = iphoneos;
				SWIFT_COMPILATION_MODE = wholemodule;
				SWIFT_OPTIMIZATION_LEVEL = "-O";
				VALIDATE_PRODUCT = YES;
			};
			name = Release;
		};
		CAD46DC82ABE5679001DCDBE /* Debug */ = {
			isa = XCBuildConfiguration;
			buildSettings = {
				ASSETCATALOG_COMPILER_APPICON_NAME = AppIcon;
				ASSETCATALOG_COMPILER_GLOBAL_ACCENT_COLOR_NAME = AccentColor;
				CODE_SIGN_STYLE = Automatic;
				CURRENT_PROJECT_VERSION = 1;
				DEVELOPMENT_TEAM = 65X3HXAMQB;
				GENERATE_INFOPLIST_FILE = YES;
				INFOPLIST_FILE = AmplifyDatasttore/Info.plist;
				INFOPLIST_KEY_UIApplicationSupportsIndirectInputEvents = YES;
				INFOPLIST_KEY_UILaunchStoryboardName = LaunchScreen;
				INFOPLIST_KEY_UIMainStoryboardFile = Main;
				INFOPLIST_KEY_UISupportedInterfaceOrientations_iPad = "UIInterfaceOrientationPortrait UIInterfaceOrientationPortraitUpsideDown UIInterfaceOrientationLandscapeLeft UIInterfaceOrientationLandscapeRight";
				INFOPLIST_KEY_UISupportedInterfaceOrientations_iPhone = "UIInterfaceOrientationPortrait UIInterfaceOrientationLandscapeLeft UIInterfaceOrientationLandscapeRight";
				LD_RUNPATH_SEARCH_PATHS = (
					"$(inherited)",
					"@executable_path/Frameworks",
				);
				MARKETING_VERSION = 1.0;
				PRODUCT_BUNDLE_IDENTIFIER = com.bootcampinstitute.AmplifyDatasttore;
				PRODUCT_NAME = "$(TARGET_NAME)";
				SWIFT_EMIT_LOC_STRINGS = YES;
				SWIFT_VERSION = 5.0;
				TARGETED_DEVICE_FAMILY = "1,2";
			};
			name = Debug;
		};
		CAD46DC92ABE5679001DCDBE /* Release */ = {
			isa = XCBuildConfiguration;
			buildSettings = {
				ASSETCATALOG_COMPILER_APPICON_NAME = AppIcon;
				ASSETCATALOG_COMPILER_GLOBAL_ACCENT_COLOR_NAME = AccentColor;
				CODE_SIGN_STYLE = Automatic;
				CURRENT_PROJECT_VERSION = 1;
				DEVELOPMENT_TEAM = 65X3HXAMQB;
				GENERATE_INFOPLIST_FILE = YES;
				INFOPLIST_FILE = AmplifyDatasttore/Info.plist;
				INFOPLIST_KEY_UIApplicationSupportsIndirectInputEvents = YES;
				INFOPLIST_KEY_UILaunchStoryboardName = LaunchScreen;
				INFOPLIST_KEY_UIMainStoryboardFile = Main;
				INFOPLIST_KEY_UISupportedInterfaceOrientations_iPad = "UIInterfaceOrientationPortrait UIInterfaceOrientationPortraitUpsideDown UIInterfaceOrientationLandscapeLeft UIInterfaceOrientationLandscapeRight";
				INFOPLIST_KEY_UISupportedInterfaceOrientations_iPhone = "UIInterfaceOrientationPortrait UIInterfaceOrientationLandscapeLeft UIInterfaceOrientationLandscapeRight";
				LD_RUNPATH_SEARCH_PATHS = (
					"$(inherited)",
					"@executable_path/Frameworks",
				);
				MARKETING_VERSION = 1.0;
				PRODUCT_BUNDLE_IDENTIFIER = com.bootcampinstitute.AmplifyDatasttore;
				PRODUCT_NAME = "$(TARGET_NAME)";
				SWIFT_EMIT_LOC_STRINGS = YES;
				SWIFT_VERSION = 5.0;
				TARGETED_DEVICE_FAMILY = "1,2";
			};
			name = Release;
		};
/* End XCBuildConfiguration section */

/* Begin XCConfigurationList section */
		CAD46DAE2ABE5677001DCDBE /* Build configuration list for PBXProject "AmplifyDatasttore" */ = {
			isa = XCConfigurationList;
			buildConfigurations = (
				CAD46DC52ABE5679001DCDBE /* Debug */,
				CAD46DC62ABE5679001DCDBE /* Release */,
			);
			defaultConfigurationIsVisible = 0;
			defaultConfigurationName = Release;
		};
		CAD46DC72ABE5679001DCDBE /* Build configuration list for PBXNativeTarget "AmplifyDatasttore" */ = {
			isa = XCConfigurationList;
			buildConfigurations = (
				CAD46DC82ABE5679001DCDBE /* Debug */,
				CAD46DC92ABE5679001DCDBE /* Release */,
			);
			defaultConfigurationIsVisible = 0;
			defaultConfigurationName = Release;
		};
/* End XCConfigurationList section */

/* Begin XCRemoteSwiftPackageReference section */
		CAD46DCA2ABE56D7001DCDBE /* XCRemoteSwiftPackageReference "amplify-swift" */ = {
			isa = XCRemoteSwiftPackageReference;
			repositoryURL = "https://github.com/aws-amplify/amplify-swift";
			requirement = {
				kind = upToNextMajorVersion;
				minimumVersion = 2.0.0;
			};
		};
/* End XCRemoteSwiftPackageReference section */

/* Begin XCSwiftPackageProductDependency section */
		CAD46DCB2ABE56D7001DCDBE /* AWSDataStorePlugin */ = {
			isa = XCSwiftPackageProductDependency;
			package = CAD46DCA2ABE56D7001DCDBE /* XCRemoteSwiftPackageReference "amplify-swift" */;
			productName = AWSDataStorePlugin;
		};
		CAD46DCD2ABE56D7001DCDBE /* Amplify */ = {
			isa = XCSwiftPackageProductDependency;
			package = CAD46DCA2ABE56D7001DCDBE /* XCRemoteSwiftPackageReference "amplify-swift" */;
			productName = Amplify;
		};
/* End XCSwiftPackageProductDependency section */
	};
	rootObject = CAD46DAB2ABE5677001DCDBE /* Project object */;
}
